
Microsoft Visual Studio Solution File, Format Version 11.00
# Visual Studio 2010
Project("{FAE04EC0-301F-11D3-BF4B-00C04F79EFBC}") = "Sample.CH6_3", "Sample.CH6_3.csproj", "{1AC276DA-247C-4776-8220-239E6C1E2004}"
EndProject
Global
	GlobalSection(SolutionConfigurationPlatforms) = preSolution
		Debug|Any CPU = Debug|Any CPU
		Release|Any CPU = Release|Any CPU
	EndGlobalSection
	GlobalSection(ProjectConfigurationPlatforms) = postSolution
		{1AC276DA-247C-4776-8220-239E6C1E2004}.Debug|Any CPU.ActiveCfg = Debug|Any CPU
		{1AC276DA-247C-4776-8220-239E6C1E2004}.Debug|Any CPU.Build.0 = Debug|Any CPU
		{1AC276DA-247C-4776-8220-239E6C1E2004}.Release|Any CPU.ActiveCfg = Release|Any CPU
		{1AC276DA-247C-4776-8220-239E6C1E2004}.Release|Any CPU.Build.0 = Release|Any CPU
	EndGlobalSection
	GlobalSection(SolutionProperties) = preSolution
		HideSolutionNode = FALSE
	EndGlobalSection
EndGlobal
